
Microsoft Visual Studio Solution File, Format Version 11.00
# Visual Studio 2010
Project("{FAE04EC0-301F-11D3-BF4B-00C04F79EFBC}") = "Enovis", "Enovis\Enovis.csproj", "{7F2FDA7C-342B-4B5F-A8AE-3BA5B90401FA}"
EndProject
Project("{54435603-DBB4-11D2-8724-00A0C9A8B90C}") = "enoviss", "enoviss\enoviss.vdproj", "{54DA5CA3-5B40-4323-B7A0-A1BE8D2AB531}"
EndProject
Global
	GlobalSection(SolutionConfigurationPlatforms) = preSolution
		Debug|x86 = Debug|x86
		Release|x86 = Release|x86
	EndGlobalSection
	GlobalSection(ProjectConfigurationPlatforms) = postSolution
		{7F2FDA7C-342B-4B5F-A8AE-3BA5B90401FA}.Debug|x86.ActiveCfg = Debug|x86
		{7F2FDA7C-342B-4B5F-A8AE-3BA5B90401FA}.Debug|x86.Build.0 = Debug|x86
		{7F2FDA7C-342B-4B5F-A8AE-3BA5B90401FA}.Release|x86.ActiveCfg = Release|x86
		{7F2FDA7C-342B-4B5F-A8AE-3BA5B90401FA}.Release|x86.Build.0 = Release|x86
		{54DA5CA3-5B40-4323-B7A0-A1BE8D2AB531}.Debug|x86.ActiveCfg = Debug
		{54DA5CA3-5B40-4323-B7A0-A1BE8D2AB531}.Release|x86.ActiveCfg = Release
	EndGlobalSection
	GlobalSection(SolutionProperties) = preSolution
		HideSolutionNode = FALSE
	EndGlobalSection
EndGlobal
